{
  "name": "i-n-v-e-n-t-u-r-a",
  "version": "0.3.6",
  "lockfileVersion": 2,
  "requires": true,
  "packages": {
    "": {
      "name": "i-n-v-e-n-t-u-r-a",
      "version": "0.3.6",
      "hasInstallScript": true,
      "license": "MIT",
      "dependencies": {
        "bootstrap": "^4.6.0",
        "csvjson": "^5.1.0",
        "jquery": "^3.6.0",
        "jquery-ui-dist": "^1.12.1",
        "popper.js": "^1.16.1",
        "tokenfield": "^1.2.2",
        "webapputils-ds": "^0.5.1"
      }
    },
    "node_modules/@panva/asn1.js": {
      "version": "1.0.0",
      "resolved": "https://registry.npmjs.org/@panva/asn1.js/-/asn1.js-1.0.0.tgz",
      "integrity": "sha512-UdkG3mLEqXgnlKsWanWcgb6dOjUzJ+XC5f+aWw30qrtjxeNUSfKX1cd5FBzOaXQumoe9nIqeZUvrRJS03HCCtw==",
      "engines": {
        "node": ">=10.13.0"
      }
    },
    "node_modules/bcryptjs": {
      "version": "2.4.3",
      "resolved": "https://registry.npmjs.org/bcryptjs/-/bcryptjs-2.4.3.tgz",
      "integrity": "sha1-mrVie5PmBiH/fNrF2pczAn3x0Ms="
    },
    "node_modules/bootstrap": {
      "version": "4.6.0",
      "resolved": "https://registry.npmjs.org/bootstrap/-/bootstrap-4.6.0.tgz",
      "integrity": "sha512-Io55IuQY3kydzHtbGvQya3H+KorS/M9rSNyfCGCg9WZ4pyT/lCxIlpJgG1GXW/PswzC84Tr2fBYi+7+jFVQQBw==",
      "funding": {
        "type": "opencollective",
        "url": "https://opencollective.com/bootstrap"
      },
      "peerDependencies": {
        "jquery": "1.9.1 - 3",
        "popper.js": "^1.16.1"
      }
    },
    "node_modules/csvjson": {
      "version": "5.1.0",
      "resolved": "https://registry.npmjs.org/csvjson/-/csvjson-5.1.0.tgz",
      "integrity": "sha512-OqALQHA0k2rEGluOWikwFq5qtkRUDyoWP2u0UJy8uFjFx5FPMjPzx7D2Hn2KjBLpc8jkGrT9HDNgTUfopDlqVg=="
    },
    "node_modules/formidable": {
      "version": "1.2.2",
      "resolved": "https://registry.npmjs.org/formidable/-/formidable-1.2.2.tgz",
      "integrity": "sha512-V8gLm+41I/8kguQ4/o1D3RIHRmhYFG4pnNyonvua+40rqcEmT4+V71yaZ3B457xbbgCsCfjSPi65u/W6vK1U5Q=="
    },
    "node_modules/jose": {
      "version": "2.0.6",
      "resolved": "https://registry.npmjs.org/jose/-/jose-2.0.6.tgz",
      "integrity": "sha512-FVoPY7SflDodE4lknJmbAHSUjLCzE2H1F6MS0RYKMQ8SR+lNccpMf8R4eqkNYyyUjR5qZReOzZo5C5YiHOCjjg==",
      "dependencies": {
        "@panva/asn1.js": "^1.0.0"
      },
      "engines": {
        "node": ">=10.13.0 < 13 || >=13.7.0"
      },
      "funding": {
        "url": "https://github.com/sponsors/panva"
      }
    },
    "node_modules/jquery": {
      "version": "3.6.0",
      "resolved": "https://registry.npmjs.org/jquery/-/jquery-3.6.0.tgz",
      "integrity": "sha512-JVzAR/AjBvVt2BmYhxRCSYysDsPcssdmTFnzyLEts9qNwmjmu4JTAMYubEfwVOSwpQ1I1sKKFcxhZCI2buerfw=="
    },
    "node_modules/jquery-ui-dist": {
      "version": "1.12.1",
      "resolved": "https://registry.npmjs.org/jquery-ui-dist/-/jquery-ui-dist-1.12.1.tgz",
      "integrity": "sha512-UnQQWIvxaP7s13FLx37WufEwDYLSXKpp9JHrqEYTP6GqQNM+RMVEwsJMoc163QlzEaAV5YVfWlgQU5FPjKBtSw=="
    },
    "node_modules/mimetype": {
      "version": "0.0.8",
      "resolved": "https://registry.npmjs.org/mimetype/-/mimetype-0.0.8.tgz",
      "integrity": "sha1-+zACJ5S793Jct7Rt+CDofdkf0IY=",
      "engines": {
        "node": ">= 0.8",
        "npm": ">= 1"
      }
    },
    "node_modules/popper.js": {
      "version": "1.16.1",
      "resolved": "https://registry.npmjs.org/popper.js/-/popper.js-1.16.1.tgz",
      "integrity": "sha512-Wb4p1J4zyFTbM+u6WuO4XstYx4Ky9Cewe4DWrel7B0w6VVICvPwdOpotjzcf6eD8TsckVnIMNONQyPIUFOUbCQ==",
      "deprecated": "You can find the new Popper v2 at @popperjs/core, this package is dedicated to the legacy v1",
      "funding": {
        "type": "opencollective",
        "url": "https://opencollective.com/popperjs"
      }
    },
    "node_modules/tokenfield": {
      "version": "1.2.2",
      "resolved": "https://registry.npmjs.org/tokenfield/-/tokenfield-1.2.2.tgz",
      "integrity": "sha512-kpwiThpssKvAMxoCq0PAp+8uxJ+nbQkP6VusHgiCiWabM0MTy4rCofhU1lzgm/vBpfJSJ+hXrleHnPXgeFXaaA=="
    },
    "node_modules/uuid": {
      "version": "8.3.2",
      "resolved": "https://registry.npmjs.org/uuid/-/uuid-8.3.2.tgz",
      "integrity": "sha512-+NYs2QeMWy+GWFOEm9xnn6HCDp0l7QBD7ml8zLUmJ+93Q5NF0NocErnwkTkXVFNiX3/fpC6afS8Dhb/gz7R7eg==",
      "bin": {
        "uuid": "dist/bin/uuid"
      }
    },
    "node_modules/webapputils-ds": {
      "version": "0.5.1",
      "resolved": "https://registry.npmjs.org/webapputils-ds/-/webapputils-ds-0.5.1.tgz",
      "integrity": "sha512-moOxrhyCoei3I1ALiJ282gy09FAgApNMPlLZ/2it//aL6JdwVkN+YK8NZdBGBUWX/99aRjO3sIceaTSMVPLs7A==",
      "dependencies": {
        "bcryptjs": "^2.4.3",
        "formidable": "^1.2.2",
        "jose": "^2.0.5",
        "mimetype": "0.0.8",
        "uuid": "^8.3.2",
        "ws": "^7.4.6"
      }
    },
    "node_modules/ws": {
      "version": "7.5.9",
      "resolved": "https://registry.npmjs.org/ws/-/ws-7.5.9.tgz",
      "integrity": "sha512-F+P9Jil7UiSKSkppIiD94dN07AwvFixvLIj1Og1Rl9GGMuNipJnV9JzjD6XuqmAeiswGvUmNLjr5cFuXwNS77Q==",
      "engines": {
        "node": ">=8.3.0"
      },
      "peerDependencies": {
        "bufferutil": "^4.0.1",
        "utf-8-validate": "^5.0.2"
      },
      "peerDependenciesMeta": {
        "bufferutil": {
          "optional": true
        },
        "utf-8-validate": {
          "optional": true
        }
      }
    }
  },
  "dependencies": {
    "@panva/asn1.js": {
      "version": "1.0.0",
      "resolved": "https://registry.npmjs.org/@panva/asn1.js/-/asn1.js-1.0.0.tgz",
      "integrity": "sha512-UdkG3mLEqXgnlKsWanWcgb6dOjUzJ+XC5f+aWw30qrtjxeNUSfKX1cd5FBzOaXQumoe9nIqeZUvrRJS03HCCtw=="
    },
    "bcryptjs": {
      "version": "2.4.3",
      "resolved": "https://registry.npmjs.org/bcryptjs/-/bcryptjs-2.4.3.tgz",
      "integrity": "sha1-mrVie5PmBiH/fNrF2pczAn3x0Ms="
    },
    "bootstrap": {
      "version": "4.6.0",
      "resolved": "https://registry.npmjs.org/bootstrap/-/bootstrap-4.6.0.tgz",
      "integrity": "sha512-Io55IuQY3kydzHtbGvQya3H+KorS/M9rSNyfCGCg9WZ4pyT/lCxIlpJgG1GXW/PswzC84Tr2fBYi+7+jFVQQBw==",
      "requires": {}
    },
    "csvjson": {
      "version": "5.1.0",
      "resolved": "https://registry.npmjs.org/csvjson/-/csvjson-5.1.0.tgz",
      "integrity": "sha512-OqALQHA0k2rEGluOWikwFq5qtkRUDyoWP2u0UJy8uFjFx5FPMjPzx7D2Hn2KjBLpc8jkGrT9HDNgTUfopDlqVg=="
    },
    "formidable": {
      "version": "1.2.2",
      "resolved": "https://registry.npmjs.org/formidable/-/formidable-1.2.2.tgz",
      "integrity": "sha512-V8gLm+41I/8kguQ4/o1D3RIHRmhYFG4pnNyonvua+40rqcEmT4+V71yaZ3B457xbbgCsCfjSPi65u/W6vK1U5Q=="
    },
    "jose": {
      "version": "2.0.6",
      "resolved": "https://registry.npmjs.org/jose/-/jose-2.0.6.tgz",
      "integrity": "sha512-FVoPY7SflDodE4lknJmbAHSUjLCzE2H1F6MS0RYKMQ8SR+lNccpMf8R4eqkNYyyUjR5qZReOzZo5C5YiHOCjjg==",
      "requires": {
        "@panva/asn1.js": "^1.0.0"
      }
    },
    "jquery": {
      "version": "3.6.0",
      "resolved": "https://registry.npmjs.org/jquery/-/jquery-3.6.0.tgz",
      "integrity": "sha512-JVzAR/AjBvVt2BmYhxRCSYysDsPcssdmTFnzyLEts9qNwmjmu4JTAMYubEfwVOSwpQ1I1sKKFcxhZCI2buerfw=="
    },
    "jquery-ui-dist": {
      "version": "1.12.1",
      "resolved": "https://registry.npmjs.org/jquery-ui-dist/-/jquery-ui-dist-1.12.1.tgz",
      "integrity": "sha512-UnQQWIvxaP7s13FLx37WufEwDYLSXKpp9JHrqEYTP6GqQNM+RMVEwsJMoc163QlzEaAV5YVfWlgQU5FPjKBtSw=="
    },
    "mimetype": {
      "version": "0.0.8",
      "resolved": "https://registry.npmjs.org/mimetype/-/mimetype-0.0.8.tgz",
      "integrity": "sha1-+zACJ5S793Jct7Rt+CDofdkf0IY="
    },
    "popper.js": {
      "version": "1.16.1",
      "resolved": "https://registry.npmjs.org/popper.js/-/popper.js-1.16.1.tgz",
      "integrity": "sha512-Wb4p1J4zyFTbM+u6WuO4XstYx4Ky9Cewe4DWrel7B0w6VVICvPwdOpotjzcf6eD8TsckVnIMNONQyPIUFOUbCQ=="
    },
    "tokenfield": {
      "version": "1.2.2",
      "resolved": "https://registry.npmjs.org/tokenfield/-/tokenfield-1.2.2.tgz",
      "integrity": "sha512-kpwiThpssKvAMxoCq0PAp+8uxJ+nbQkP6VusHgiCiWabM0MTy4rCofhU1lzgm/vBpfJSJ+hXrleHnPXgeFXaaA=="
    },
    "uuid": {
      "version": "8.3.2",
      "resolved": "https://registry.npmjs.org/uuid/-/uuid-8.3.2.tgz",
      "integrity": "sha512-+NYs2QeMWy+GWFOEm9xnn6HCDp0l7QBD7ml8zLUmJ+93Q5NF0NocErnwkTkXVFNiX3/fpC6afS8Dhb/gz7R7eg=="
    },
    "webapputils-ds": {
      "version": "0.5.1",
      "resolved": "https://registry.npmjs.org/webapputils-ds/-/webapputils-ds-0.5.1.tgz",
      "integrity": "sha512-moOxrhyCoei3I1ALiJ282gy09FAgApNMPlLZ/2it//aL6JdwVkN+YK8NZdBGBUWX/99aRjO3sIceaTSMVPLs7A==",
      "requires": {
        "bcryptjs": "^2.4.3",
        "formidable": "^1.2.2",
        "jose": "^2.0.5",
        "mimetype": "0.0.8",
        "uuid": "^8.3.2",
        "ws": "^7.4.6"
      }
    },
    "ws": {
      "version": "7.5.9",
      "resolved": "https://registry.npmjs.org/ws/-/ws-7.5.9.tgz",
      "integrity": "sha512-F+P9Jil7UiSKSkppIiD94dN07AwvFixvLIj1Og1Rl9GGMuNipJnV9JzjD6XuqmAeiswGvUmNLjr5cFuXwNS77Q==",
      "requires": {}
    }
  }
}
